
Microsoft Visual Studio Solution File, Format Version 12.00
# Visual Studio Version 16
VisualStudioVersion = 16.0.30621.155
MinimumVisualStudioVersion = 10.0.40219.1
Project("{FAE04EC0-301F-11D3-BF4B-00C04F79EFBC}") = "TenerifeApp", "TenerifeApp\TenerifeApp.csproj", "{78769CA6-0EF8-483F-B6AE-4F8B9DE12D0F}"
EndProject
Project("{FAE04EC0-301F-11D3-BF4B-00C04F79EFBC}") = "TenerifeApp.Test", "TenerifeApp.Test\TenerifeApp.Test.csproj", "{7606C5D9-A530-4D3E-8BDF-12A98F30E08A}"
EndProject
Global
	GlobalSection(SolutionConfigurationPlatforms) = preSolution
		Debug|Any CPU = Debug|Any CPU
		Release|Any CPU = Release|Any CPU
	EndGlobalSection
	GlobalSection(ProjectConfigurationPlatforms) = postSolution
		{78769CA6-0EF8-483F-B6AE-4F8B9DE12D0F}.Debug|Any CPU.ActiveCfg = Debug|Any CPU
		{78769CA6-0EF8-483F-B6AE-4F8B9DE12D0F}.Debug|Any CPU.Build.0 = Debug|Any CPU
		{78769CA6-0EF8-483F-B6AE-4F8B9DE12D0F}.Release|Any CPU.ActiveCfg = Release|Any CPU
		{78769CA6-0EF8-483F-B6AE-4F8B9DE12D0F}.Release|Any CPU.Build.0 = Release|Any CPU
		{7606C5D9-A530-4D3E-8BDF-12A98F30E08A}.Debug|Any CPU.ActiveCfg = Debug|Any CPU
		{7606C5D9-A530-4D3E-8BDF-12A98F30E08A}.Debug|Any CPU.Build.0 = Debug|Any CPU
		{7606C5D9-A530-4D3E-8BDF-12A98F30E08A}.Release|Any CPU.ActiveCfg = Release|Any CPU
		{7606C5D9-A530-4D3E-8BDF-12A98F30E08A}.Release|Any CPU.Build.0 = Release|Any CPU
	EndGlobalSection
	GlobalSection(SolutionProperties) = preSolution
		HideSolutionNode = FALSE
	EndGlobalSection
	GlobalSection(ExtensibilityGlobals) = postSolution
		SolutionGuid = {72B31C89-D8BB-41E0-977B-37B88499897B}
	EndGlobalSection
EndGlobal
